{
  "nodes": {
    "mise-nix-adapter": {
      "inputs": {
        "nixpkgs": [
          "nixpkgs"
        ]
      },
      "locked": {
        "lastModified": 1785785041,
        "narHash": "sha256-nQMuYe6f1pA6xdsEvxPpnAq13Nt9XhmI1W/L9a7f9Po=",
        "owner": "hydn10",
        "repo": "mise-nix-adapter",
        "rev": "558e0f4255b981599c16e130f4746cf20eda33bc",
        "type": "github"
      },
      "original": {
        "owner": "hydn10",
        "ref": "v0.1.0",
        "repo": "mise-nix-adapter",
        "type": "github"
      }
    },
    "nixpkgs": {
      "locked": {
        "lastModified": 1786106723,
        "narHash": "sha256-CgKDSHL6rqAAQkkvg1xaZDQXb77+4XW73iGcUMJ+2w0=",
        "rev": "f13ff45afd1bb73e640eaa08a7066dbed07e3238",
        "type": "tarball",
        "url": "https://releases.nixos.org/nixos/unstable/nixos-26.11pre1049422.f13ff45afd1b/nixexprs.tar.xz"
      },
      "original": {
        "id": "nixpkgs",
        "ref": "nixos-unstable",
        "type": "indirect"
      }
    },
    "pyproject-build-systems": {
      "inputs": {
        "nixpkgs": [
          "nixpkgs"
        ],
        "pyproject-nix": [
          "pyproject-nix"
        ],
        "uv2nix": [
          "uv2nix"
        ]
      },
      "locked": {
        "lastModified": 1785730568,
        "narHash": "sha256-NjSPsgjJ7MSpBtTkUcmNhRe6AFZ96+zsca2M8YuQi8Y=",
        "owner": "pyproject-nix",
        "repo": "build-system-pkgs",
        "rev": "90fde00db3687922d39d95fc591475fd0bbbcd72",
        "type": "github"
      },
      "original": {
        "owner": "pyproject-nix",
        "repo": "build-system-pkgs",
        "type": "github"
      }
    },
    "pyproject-nix": {
      "inputs": {
        "nixpkgs": [
          "nixpkgs"
        ]
      },
      "locked": {
        "lastModified": 1786031528,
        "narHash": "sha256-cROiHKO3UbIKqF5FG5NikvydzlfIj4EcR1Cty9qOVt4=",
        "owner": "pyproject-nix",
        "repo": "pyproject.nix",
        "rev": "1b1485546d85f6f6c7aadb10c4923dbc09633263",
        "type": "github"
      },
      "original": {
        "owner": "pyproject-nix",
        "repo": "pyproject.nix",
        "type": "github"
      }
    },
    "root": {
      "inputs": {
        "mise-nix-adapter": "mise-nix-adapter",
        "nixpkgs": "nixpkgs",
        "pyproject-build-systems": "pyproject-build-systems",
        "pyproject-nix": "pyproject-nix",
        "uv2nix": "uv2nix",
        "vcpkg-nix-adapter": "vcpkg-nix-adapter"
      }
    },
    "uv2nix": {
      "inputs": {
        "nixpkgs": [
          "nixpkgs"
        ],
        "pyproject-nix": [
          "pyproject-nix"
        ]
      },
      "locked": {
        "lastModified": 1786026603,
        "narHash": "sha256-payw8w/aqR/Vr7LvDp14jxa5egFrZN7g8INsPzn7rN0=",
        "owner": "pyproject-nix",
        "repo": "uv2nix",
        "rev": "0dfa8388dc855b1774f509725d8ea6806291571d",
        "type": "github"
      },
      "original": {
        "owner": "pyproject-nix",
        "repo": "uv2nix",
        "type": "github"
      }
    },
    "vcpkg-nix-adapter": {
      "inputs": {
        "nixpkgs": [
          "nixpkgs"
        ]
      },
      "locked": {
        "lastModified": 1786185139,
        "narHash": "sha256-ufDz3qI0njkHN2dSs+js96H+R2doJuNvGowcioUXHB4=",
        "owner": "hydn10",
        "repo": "vcpkg-nix-adapter",
        "rev": "7a83ca863f9c0304c42a964195c2ca344ca291ad",
        "type": "github"
      },
      "original": {
        "owner": "hydn10",
        "ref": "v0.2.0",
        "repo": "vcpkg-nix-adapter",
        "type": "github"
      }
    }
  },
  "root": "root",
  "version": 7
}
