# @generated - this file is auto-generated by `mise lock` https://mise.jdx.dev/dev-tools/mise-lock.html

[conda-packages.linux-x64."_openmp_mutex-4.5-20_gnu"]
url = "https://conda.anaconda.org/conda-forge/linux-64/_openmp_mutex-4.5-20_gnu.conda"
checksum = "sha256:1dd3fffd892081df9726d7eb7e0dea6198962ba775bd88842135a4ddb4deb3c9"

[conda-packages.linux-x64."clang-format-22-22.1.8-default_h08c5240_5"]
url = "https://conda.anaconda.org/conda-forge/linux-64/clang-format-22-22.1.8-default_h08c5240_5.conda"
checksum = "sha256:4859985424566c9d3b04426df8fec39c42946b99efc25f5c3c44b7b0179e9b0c"

[conda-packages.linux-x64."clang-format-22.1.8-default_h0c0f135_5"]
url = "https://conda.anaconda.org/conda-forge/linux-64/clang-format-22.1.8-default_h0c0f135_5.conda"
checksum = "sha256:636700bacf538894ccb5adb775addf40cb47e9c2234ba3a47e51045bb703e3e1"

[conda-packages.linux-x64."clang-scan-deps-22.1.8-default_h08c5240_5"]
url = "https://conda.anaconda.org/conda-forge/linux-64/clang-scan-deps-22.1.8-default_h08c5240_5.conda"
checksum = "sha256:0414d91895b660cf295f21dcadc48069edef006585398e866716cd9fd71f057a"

[conda-packages.linux-x64."icu-78.3-h54a6638_2"]
url = "https://conda.anaconda.org/conda-forge/linux-64/icu-78.3-h54a6638_2.conda"
checksum = "sha256:d7c260b7e1cf22ce04d6ba8a86eabf4e6c50bc96a5c27fe2ecb32298af3e88eb"

[conda-packages.linux-x64."libclang-cpp22.1-22.1.8-default_h08c5240_5"]
url = "https://conda.anaconda.org/conda-forge/linux-64/libclang-cpp22.1-22.1.8-default_h08c5240_5.conda"
checksum = "sha256:900fe3e1443d2f22a1780274d77200afad4754561c7591b35efc89337c0b9054"

[conda-packages.linux-x64."libclang13-22.1.8-default_h982d582_5"]
url = "https://conda.anaconda.org/conda-forge/linux-64/libclang13-22.1.8-default_h982d582_5.conda"
checksum = "sha256:584d02bf4dcdda7d4652db27b483700c074f86ab800d0ed468978c9135db3fa9"

[conda-packages.linux-x64."libgcc-16.1.0-ha9f2e26_1"]
url = "https://conda.anaconda.org/conda-forge/linux-64/libgcc-16.1.0-ha9f2e26_1.conda"
checksum = "sha256:d5cb8475131c31680f8fd30512c418f373064e272e452063276a8fb14c9fa42f"

[conda-packages.linux-x64."libgomp-16.1.0-he0feb66_1"]
url = "https://conda.anaconda.org/conda-forge/linux-64/libgomp-16.1.0-he0feb66_1.conda"
checksum = "sha256:62cb599ad0539d99386515326d9d5e8f51f75a60c69c2131b21df76edf35bd89"

[conda-packages.linux-x64."libiconv-1.18-h3b78370_2"]
url = "https://conda.anaconda.org/conda-forge/linux-64/libiconv-1.18-h3b78370_2.conda"
checksum = "sha256:c467851a7312765447155e071752d7bf9bf44d610a5687e32706f480aad2833f"

[conda-packages.linux-x64."libllvm22-22.1.8-hf7376ad_1"]
url = "https://conda.anaconda.org/conda-forge/linux-64/libllvm22-22.1.8-hf7376ad_1.conda"
checksum = "sha256:e9b5f301d6b001a9b8ce782157f56b75c92c4fbc9eba95dc6345c1139251d13b"

[conda-packages.linux-x64."liblzma-5.8.3-hb03c661_1"]
url = "https://conda.anaconda.org/conda-forge/linux-64/liblzma-5.8.3-hb03c661_1.conda"
checksum = "sha256:9787df8c22a59c9a70d3e5a10db9ad663485e75e9ccc3f09bd092cb7b95e0dab"

[conda-packages.linux-x64."libstdcxx-16.1.0-h934c35e_1"]
url = "https://conda.anaconda.org/conda-forge/linux-64/libstdcxx-16.1.0-h934c35e_1.conda"
checksum = "sha256:79721dd08aeb0ab9e773f1f9ef41cf4e6c17477e3d72319147619045bce05a09"

[conda-packages.linux-x64."libxml2-16-2.15.3-hca6bf5a_0"]
url = "https://conda.anaconda.org/conda-forge/linux-64/libxml2-16-2.15.3-hca6bf5a_0.conda"
checksum = "sha256:3d44f737c5ae52d5af32682cc1530df433f401f8e58a7533926536244127572a"

[conda-packages.linux-x64."libxml2-2.15.3-h49c6c72_0"]
url = "https://conda.anaconda.org/conda-forge/linux-64/libxml2-2.15.3-h49c6c72_0.conda"
checksum = "sha256:3bc5551720c58591f6ea1146f7d1539c734ed1c40e7b9f5cb8cb7e900c509aba"

[conda-packages.linux-x64."libzlib-1.3.2-h25fd6f3_3"]
url = "https://conda.anaconda.org/conda-forge/linux-64/libzlib-1.3.2-h25fd6f3_3.conda"
checksum = "sha256:eb8a0db0aa570124f7d2a93d7c7f596e3390df5e047818d873baad32985fc736"

[conda-packages.linux-x64."zstd-1.5.7-hb78ec9c_6"]
url = "https://conda.anaconda.org/conda-forge/linux-64/zstd-1.5.7-hb78ec9c_6.conda"
checksum = "sha256:68f0206ca6e98fea941e5717cec780ed2873ffabc0e1ed34428c061e2c6268c7"

[conda-packages.windows-x64."clang-format-22.1.8-default_h2778606_5"]
url = "https://conda.anaconda.org/conda-forge/win-64/clang-format-22.1.8-default_h2778606_5.conda"
checksum = "sha256:8d14079cdc8ccb37615db6c3ff3a2b2b415722d67c64c07d6c3a5b9ee59e83c4"

[conda-packages.windows-x64."libclang13-22.1.8-default_h2778606_5"]
url = "https://conda.anaconda.org/conda-forge/win-64/libclang13-22.1.8-default_h2778606_5.conda"
checksum = "sha256:e8b93da26f6808332509e52a97ff59d65992e4e73fc0e157d747fd1f9d4b44bc"

[conda-packages.windows-x64."libiconv-1.18-hc1393d2_2"]
url = "https://conda.anaconda.org/conda-forge/win-64/libiconv-1.18-hc1393d2_2.conda"
checksum = "sha256:0dcdb1a5f01863ac4e8ba006a8b0dc1a02d2221ec3319b5915a1863254d7efa7"

[conda-packages.windows-x64."liblzma-5.8.3-hfd05255_1"]
url = "https://conda.anaconda.org/conda-forge/win-64/liblzma-5.8.3-hfd05255_1.conda"
checksum = "sha256:d36c4a1e1f80fd08e18a407e03622ff2f34dfdd022da6488ad19603dea19e6d5"

[conda-packages.windows-x64."libxml2-16-2.15.3-h692994f_0"]
url = "https://conda.anaconda.org/conda-forge/win-64/libxml2-16-2.15.3-h692994f_0.conda"
checksum = "sha256:8038084c60eda2006d0122d05e3364fe8db0a18935ca6ed0168b5ba5aa33f904"

[conda-packages.windows-x64."libxml2-2.15.3-hbc0d294_0"]
url = "https://conda.anaconda.org/conda-forge/win-64/libxml2-2.15.3-hbc0d294_0.conda"
checksum = "sha256:da68af9d9d28d65a6916db1bef68f8a25c64c4fdcf759f32a2d2f2f143220adf"

[conda-packages.windows-x64."libzlib-1.3.2-hfd05255_3"]
url = "https://conda.anaconda.org/conda-forge/win-64/libzlib-1.3.2-hfd05255_3.conda"
checksum = "sha256:0629c2cc0404d3bb29d6baa7b4ba62da80797015e86de050db81ea5a07050527"

[conda-packages.windows-x64."llvm-openmp-22.1.8-h4fa8253_0"]
url = "https://conda.anaconda.org/conda-forge/win-64/llvm-openmp-22.1.8-h4fa8253_0.conda"
checksum = "sha256:50c02902bb516eeb56680358f052be38b5bf74b40e78ea4b2a675e84957e7307"

[conda-packages.windows-x64."ucrt-10.0.26100.0-h57928b3_0"]
url = "https://conda.anaconda.org/conda-forge/win-64/ucrt-10.0.26100.0-h57928b3_0.conda"
checksum = "sha256:3005729dce6f3d3f5ec91dfc49fc75a0095f9cd23bab49efb899657297ac91a5"

[conda-packages.windows-x64."vc-14.5-ha367084_41"]
url = "https://conda.anaconda.org/conda-forge/win-64/vc-14.5-ha367084_41.conda"
checksum = "sha256:35444c55a92e2f7f7ba26bc70f81e56e52344f7d064c0fd4b40a46a58517b79c"

[conda-packages.windows-x64."vc14_runtime-14.51.36247-habf1de7_41"]
url = "https://conda.anaconda.org/conda-forge/win-64/vc14_runtime-14.51.36247-habf1de7_41.conda"
checksum = "sha256:4e4cb599cdc41bf2109d1464c127b5bcbddf548ce3e322e612afb691338b48f8"

[conda-packages.windows-x64."vcomp14-14.51.36247-habf1de7_41"]
url = "https://conda.anaconda.org/conda-forge/win-64/vcomp14-14.51.36247-habf1de7_41.conda"
checksum = "sha256:731e043390c9457299484d39e427221fc868a9249540a498a5a4f6456c7744d1"

[conda-packages.windows-x64."zstd-1.5.7-h534d264_6"]
url = "https://conda.anaconda.org/conda-forge/win-64/zstd-1.5.7-h534d264_6.conda"
checksum = "sha256:368d8628424966fd8f9c8018326a9c779e06913dd39e646cf331226acc90e5b2"

[[tools.actionlint]]
version = "1.7.12"
backend = "aqua:rhysd/actionlint"

[tools.actionlint."platforms.linux-x64"]
checksum = "sha256:8aca8db96f1b94770f1b0d72b6dddcb1ebb8123cb3712530b08cc387b349a3d8"
url = "https://github.com/rhysd/actionlint/releases/download/v1.7.12/actionlint_1.7.12_linux_amd64.tar.gz"
url_api = "https://api.github.com/repos/rhysd/actionlint/releases/assets/384924896"
provenance = "github-attestations"

[tools.actionlint."platforms.windows-x64"]
checksum = "sha256:6e7241b51e6817ea6a047693d8e6fed13b31819c9a0dd6c5a726e1592d22f6e9"
url = "https://github.com/rhysd/actionlint/releases/download/v1.7.12/actionlint_1.7.12_windows_amd64.zip"
url_api = "https://api.github.com/repos/rhysd/actionlint/releases/assets/384924919"
provenance = "github-attestations"

[[tools.clang-format]]
version = "22.1.8"
backend = "conda:clang-format"

[tools.clang-format.options]
channel = "conda-forge"

[tools.clang-format."platforms.linux-x64"]
checksum = "sha256:636700bacf538894ccb5adb775addf40cb47e9c2234ba3a47e51045bb703e3e1"
url = "https://conda.anaconda.org/conda-forge/linux-64/clang-format-22.1.8-default_h0c0f135_5.conda"
conda_deps = [
    "clang-format-22-22.1.8-default_h08c5240_5",
    "libclang-cpp22.1-22.1.8-default_h08c5240_5",
    "libzlib-1.3.2-h25fd6f3_3",
    "libstdcxx-16.1.0-h934c35e_1",
    "libgcc-16.1.0-ha9f2e26_1",
    "zstd-1.5.7-hb78ec9c_6",
    "libxml2-2.15.3-h49c6c72_0",
    "libxml2-16-2.15.3-hca6bf5a_0",
    "libllvm22-22.1.8-hf7376ad_1",
    "_openmp_mutex-4.5-20_gnu",
    "libgomp-16.1.0-he0feb66_1",
    "icu-78.3-h54a6638_2",
    "libiconv-1.18-h3b78370_2",
    "liblzma-5.8.3-hb03c661_1",
]

[tools.clang-format."platforms.windows-x64"]
checksum = "sha256:8d14079cdc8ccb37615db6c3ff3a2b2b415722d67c64c07d6c3a5b9ee59e83c4"
url = "https://conda.anaconda.org/conda-forge/win-64/clang-format-22.1.8-default_h2778606_5.conda"
conda_deps = [
    "llvm-openmp-22.1.8-h4fa8253_0",
    "vc-14.5-ha367084_41",
    "vc14_runtime-14.51.36247-habf1de7_41",
    "vcomp14-14.51.36247-habf1de7_41",
    "ucrt-10.0.26100.0-h57928b3_0",
    "libzlib-1.3.2-hfd05255_3",
    "zstd-1.5.7-h534d264_6",
    "libxml2-2.15.3-hbc0d294_0",
    "libxml2-16-2.15.3-h692994f_0",
    "libiconv-1.18-hc1393d2_2",
    "liblzma-5.8.3-hfd05255_1",
]

[[tools.clang-tools]]
version = "22.1.8"
backend = "conda:clang-tools"

[tools.clang-tools.options]
channel = "conda-forge"

[tools.clang-tools."platforms.linux-x64"]
checksum = "sha256:1f86f957ba466018100b17ceb73e9eaad48db019c6575c28a0c4a6860e682d26"
url = "https://conda.anaconda.org/conda-forge/linux-64/clang-tools-22.1.8-default_h06d65e3_5.conda"
conda_deps = [
    "clang-scan-deps-22.1.8-default_h08c5240_5",
    "clang-format-22.1.8-default_h0c0f135_5",
    "clang-format-22-22.1.8-default_h08c5240_5",
    "libzlib-1.3.2-h25fd6f3_3",
    "libllvm22-22.1.8-hf7376ad_1",
    "libclang13-22.1.8-default_h982d582_5",
    "libclang-cpp22.1-22.1.8-default_h08c5240_5",
    "libstdcxx-16.1.0-h934c35e_1",
    "libgcc-16.1.0-ha9f2e26_1",
    "zstd-1.5.7-hb78ec9c_6",
    "libxml2-2.15.3-h49c6c72_0",
    "libxml2-16-2.15.3-hca6bf5a_0",
    "_openmp_mutex-4.5-20_gnu",
    "libgomp-16.1.0-he0feb66_1",
    "icu-78.3-h54a6638_2",
    "libiconv-1.18-h3b78370_2",
    "liblzma-5.8.3-hb03c661_1",
]

[tools.clang-tools."platforms.windows-x64"]
checksum = "sha256:e48a133450396b1301b254cf82b8e6207a62dae4832b15af412f2e1f4490aeae"
url = "https://conda.anaconda.org/conda-forge/win-64/clang-tools-22.1.8-default_h620eca0_5.conda"
conda_deps = [
    "llvm-openmp-22.1.8-h4fa8253_0",
    "clang-format-22.1.8-default_h2778606_5",
    "libzlib-1.3.2-hfd05255_3",
    "libclang13-22.1.8-default_h2778606_5",
    "ucrt-10.0.26100.0-h57928b3_0",
    "vc-14.5-ha367084_41",
    "vc14_runtime-14.51.36247-habf1de7_41",
    "vcomp14-14.51.36247-habf1de7_41",
    "zstd-1.5.7-h534d264_6",
    "libxml2-2.15.3-hbc0d294_0",
    "libxml2-16-2.15.3-h692994f_0",
    "libiconv-1.18-hc1393d2_2",
    "liblzma-5.8.3-hfd05255_1",
]

[[tools.cmake]]
version = "4.3.4"
backend = "aqua:Kitware/CMake"

[tools.cmake."platforms.linux-x64"]
checksum = "sha256:ca6f08ccbd5e6b0a9068d33317d0d1aff7278d08cccaed4529b8fbead7942a68"
url = "https://github.com/Kitware/CMake/releases/download/v4.3.4/cmake-4.3.4-linux-x86_64.tar.gz"
url_api = "https://api.github.com/repos/Kitware/CMake/releases/assets/450506632"

[tools.cmake."platforms.windows-x64"]
checksum = "sha256:86e5fcafb38bdf58346a78b187c7b6b4f252ae5242cffe24c463a92bbd2e77d1"
url = "https://github.com/Kitware/CMake/releases/download/v4.3.4/cmake-4.3.4-windows-x86_64.zip"
url_api = "https://api.github.com/repos/Kitware/CMake/releases/assets/450507384"

[[tools.gersemi]]
version = "0.25.4"
backend = "pipx:gersemi"

[[tools.just]]
version = "1.58.0"
backend = "aqua:casey/just"

[tools.just."platforms.linux-x64"]
checksum = "sha256:4a5cc2f53e6f0f8c59092a6cc38291eb729d46a7dd95d3ae582008881b84931d"
url = "https://github.com/casey/just/releases/download/1.58.0/just-1.58.0-x86_64-unknown-linux-musl.tar.gz"
url_api = "https://api.github.com/repos/casey/just/releases/assets/500509978"

[tools.just."platforms.windows-x64"]
checksum = "sha256:759f16fb7aa17c5c8b9594b6d4a8c1a6630dfd042cf2b3ff84841454d3d188dc"
url = "https://github.com/casey/just/releases/download/1.58.0/just-1.58.0-x86_64-pc-windows-msvc.zip"
url_api = "https://api.github.com/repos/casey/just/releases/assets/500511374"

[[tools.ninja]]
version = "1.13.2"
backend = "aqua:ninja-build/ninja"

[tools.ninja."platforms.linux-x64"]
checksum = "sha256:5749cbc4e668273514150a80e387a957f933c6ed3f5f11e03fb30955e2bbead6"
url = "https://github.com/ninja-build/ninja/releases/download/v1.13.2/ninja-linux.zip"
url_api = "https://api.github.com/repos/ninja-build/ninja/releases/assets/318865358"

[tools.ninja."platforms.windows-x64"]
checksum = "sha256:07fc8261b42b20e71d1720b39068c2e14ffcee6396b76fb7a795fb460b78dc65"
url = "https://github.com/ninja-build/ninja/releases/download/v1.13.2/ninja-win.zip"
url_api = "https://api.github.com/repos/ninja-build/ninja/releases/assets/318863577"

[[tools.oxfmt]]
version = "0.61.0"
backend = "npm:oxfmt"

[[tools.precious]]
version = "0.11.0"
backend = "github:houseabsolute/precious"

[tools.precious."platforms.linux-x64"]
checksum = "sha256:6a267a3e309ebd39ef36352e283b2ad70066ccb61e4b04785afbd85df3fa76b4"
url = "https://github.com/houseabsolute/precious/releases/download/v0.11.0/precious-Linux-musl-x86_64.tar.gz"
url_api = "https://api.github.com/repos/houseabsolute/precious/releases/assets/434639494"

[tools.precious."platforms.windows-x64"]
checksum = "sha256:bc5dfb482675ef79798fa578dc5f8edea1cd9f2b5d7bdc5bb02b4a9590f54467"
url = "https://github.com/houseabsolute/precious/releases/download/v0.11.0/precious-Windows-msvc-x86_64.zip"
url_api = "https://api.github.com/repos/houseabsolute/precious/releases/assets/434640219"

[[tools.shellcheck]]
version = "0.11.0"
backend = "aqua:koalaman/shellcheck"

[tools.shellcheck."platforms.linux-x64"]
checksum = "sha256:8c3be12b05d5c177a04c29e3c78ce89ac86f1595681cab149b65b97c4e227198"
url = "https://github.com/koalaman/shellcheck/releases/download/v0.11.0/shellcheck-v0.11.0.linux.x86_64.tar.xz"
url_api = "https://api.github.com/repos/koalaman/shellcheck/releases/assets/279056942"

[tools.shellcheck."platforms.windows-x64"]
checksum = "sha256:8a4e35ab0b331c85d73567b12f2a444df187f483e5079ceffa6bda1faa2e740e"
url = "https://github.com/koalaman/shellcheck/releases/download/v0.11.0/shellcheck-v0.11.0.zip"
url_api = "https://api.github.com/repos/koalaman/shellcheck/releases/assets/279056944"

[[tools.uv]]
version = "0.12.3"
backend = "aqua:astral-sh/uv"

[tools.uv."platforms.linux-x64"]
checksum = "sha256:0643b9fb8c9fb27458e709ce6ff939695013c41975ff7b02d3f3b138d8d4bdb3"
url = "https://github.com/astral-sh/uv/releases/download/0.12.3/uv-x86_64-unknown-linux-musl.tar.gz"
url_api = "https://api.github.com/repos/astral-sh/uv/releases/assets/505387821"
provenance = "github-attestations"

[tools.uv."platforms.windows-x64"]
checksum = "sha256:b23350c79e8ad0192b8124af13a0f17e8d4e4549524785e1aef389ae5a06990e"
url = "https://github.com/astral-sh/uv/releases/download/0.12.3/uv-x86_64-pc-windows-msvc.zip"
url_api = "https://api.github.com/repos/astral-sh/uv/releases/assets/505387809"
provenance = "github-attestations"
